
Microsoft Visual Studio Solution File, Format Version 12.00
# Visual Studio 15
VisualStudioVersion = 15.0.28307.757
MinimumVisualStudioVersion = 10.0.40219.1
Project("{FAE04EC0-301F-11D3-BF4B-00C04F79EFBC}") = "DotNETVueJSTemplate.Web", "DotNETVueJSTemplate.Web\DotNETVueJSTemplate.Web.csproj", "{36961CC3-E4B9-4B2A-9640-7F7E43C77DA9}"
EndProject
Project("{FAE04EC0-301F-11D3-BF4B-00C04F79EFBC}") = "DotNETVueJSTemplate.Tests", "DotNETVueJSTemplate.Tests\DotNETVueJSTemplate.Tests.csproj", "{9BAF01BE-1E88-411A-944E-87E077C77C6F}"
EndProject
Project("{FAE04EC0-301F-11D3-BF4B-00C04F79EFBC}") = "DotNETVueJSTemplate.Api", "DotNETVueJSTemplate.Api\DotNETVueJSTemplate.Api.csproj", "{C31FF92A-E151-42DD-8B09-0D66643C8C8F}"
EndProject
Project("{2150E333-8FDC-42A3-9474-1A3956D46DE8}") = "DataSources", "DataSources", "{28B4C17A-9260-44D1-83A4-0F10A8E2A871}"
EndProject
Project("{FAE04EC0-301F-11D3-BF4B-00C04F79EFBC}") = "DotNETVueJSTemplate.Data", "DotNETVueJSTemplate.Data\DotNETVueJSTemplate.Data.csproj", "{F817B0BA-A93C-4046-94D7-3F5029EC0D43}"
EndProject
Project("{FAE04EC0-301F-11D3-BF4B-00C04F79EFBC}") = "DotNETVueJSTemplate.Model", "DotNETVueJSTemplate.Model\DotNETVueJSTemplate.Model.csproj", "{979775F2-71D0-4174-8D5B-2787C4BB4C29}"
EndProject
Project("{FAE04EC0-301F-11D3-BF4B-00C04F79EFBC}") = "DotNETVueJSTemplate.Services", "DotNETVueJSTemplate.Services\DotNETVueJSTemplate.Services.csproj", "{B8580DD7-5DCB-44A4-95EC-1E3F2413294A}"
EndProject
Global
	GlobalSection(SolutionConfigurationPlatforms) = preSolution
		Debug|Any CPU = Debug|Any CPU
		Release|Any CPU = Release|Any CPU
	EndGlobalSection
	GlobalSection(ProjectConfigurationPlatforms) = postSolution
		{36961CC3-E4B9-4B2A-9640-7F7E43C77DA9}.Debug|Any CPU.ActiveCfg = Debug|Any CPU
		{36961CC3-E4B9-4B2A-9640-7F7E43C77DA9}.Debug|Any CPU.Build.0 = Debug|Any CPU
		{36961CC3-E4B9-4B2A-9640-7F7E43C77DA9}.Release|Any CPU.ActiveCfg = Release|Any CPU
		{36961CC3-E4B9-4B2A-9640-7F7E43C77DA9}.Release|Any CPU.Build.0 = Release|Any CPU
		{9BAF01BE-1E88-411A-944E-87E077C77C6F}.Debug|Any CPU.ActiveCfg = Debug|Any CPU
		{9BAF01BE-1E88-411A-944E-87E077C77C6F}.Debug|Any CPU.Build.0 = Debug|Any CPU
		{9BAF01BE-1E88-411A-944E-87E077C77C6F}.Release|Any CPU.ActiveCfg = Release|Any CPU
		{9BAF01BE-1E88-411A-944E-87E077C77C6F}.Release|Any CPU.Build.0 = Release|Any CPU
		{C31FF92A-E151-42DD-8B09-0D66643C8C8F}.Debug|Any CPU.ActiveCfg = Debug|Any CPU
		{C31FF92A-E151-42DD-8B09-0D66643C8C8F}.Debug|Any CPU.Build.0 = Debug|Any CPU
		{C31FF92A-E151-42DD-8B09-0D66643C8C8F}.Release|Any CPU.ActiveCfg = Release|Any CPU
		{C31FF92A-E151-42DD-8B09-0D66643C8C8F}.Release|Any CPU.Build.0 = Release|Any CPU
		{F817B0BA-A93C-4046-94D7-3F5029EC0D43}.Debug|Any CPU.ActiveCfg = Debug|Any CPU
		{F817B0BA-A93C-4046-94D7-3F5029EC0D43}.Debug|Any CPU.Build.0 = Debug|Any CPU
		{F817B0BA-A93C-4046-94D7-3F5029EC0D43}.Release|Any CPU.ActiveCfg = Release|Any CPU
		{F817B0BA-A93C-4046-94D7-3F5029EC0D43}.Release|Any CPU.Build.0 = Release|Any CPU
		{979775F2-71D0-4174-8D5B-2787C4BB4C29}.Debug|Any CPU.ActiveCfg = Debug|Any CPU
		{979775F2-71D0-4174-8D5B-2787C4BB4C29}.Debug|Any CPU.Build.0 = Debug|Any CPU
		{979775F2-71D0-4174-8D5B-2787C4BB4C29}.Release|Any CPU.ActiveCfg = Release|Any CPU
		{979775F2-71D0-4174-8D5B-2787C4BB4C29}.Release|Any CPU.Build.0 = Release|Any CPU
		{B8580DD7-5DCB-44A4-95EC-1E3F2413294A}.Debug|Any CPU.ActiveCfg = Debug|Any CPU
		{B8580DD7-5DCB-44A4-95EC-1E3F2413294A}.Debug|Any CPU.Build.0 = Debug|Any CPU
		{B8580DD7-5DCB-44A4-95EC-1E3F2413294A}.Release|Any CPU.ActiveCfg = Release|Any CPU
		{B8580DD7-5DCB-44A4-95EC-1E3F2413294A}.Release|Any CPU.Build.0 = Release|Any CPU
	EndGlobalSection
	GlobalSection(SolutionProperties) = preSolution
		HideSolutionNode = FALSE
	EndGlobalSection
	GlobalSection(NestedProjects) = preSolution
		{F817B0BA-A93C-4046-94D7-3F5029EC0D43} = {28B4C17A-9260-44D1-83A4-0F10A8E2A871}
		{979775F2-71D0-4174-8D5B-2787C4BB4C29} = {28B4C17A-9260-44D1-83A4-0F10A8E2A871}
		{B8580DD7-5DCB-44A4-95EC-1E3F2413294A} = {28B4C17A-9260-44D1-83A4-0F10A8E2A871}
	EndGlobalSection
	GlobalSection(ExtensibilityGlobals) = postSolution
		SolutionGuid = {2BE3BB6A-C094-4B60-9113-3237BA3ACA6D}
	EndGlobalSection
EndGlobal
